
Microsoft Visual Studio Solution File, Format Version 12.00
# Visual Studio Version 16
VisualStudioVersion = 16.0.30011.22
MinimumVisualStudioVersion = 10.0.40219.1
Project("{FAE04EC0-301F-11D3-BF4B-00C04F79EFBC}") = "RestApiDemo", "RestApiDemo\RestApiDemo.csproj", "{512A1E74-D945-43BE-904F-2A8A273E90C5}"
EndProject
Global
	GlobalSection(SolutionConfigurationPlatforms) = preSolution
		Debug|Any CPU = Debug|Any CPU
		Release|Any CPU = Release|Any CPU
	EndGlobalSection
	GlobalSection(ProjectConfigurationPlatforms) = postSolution
		{512A1E74-D945-43BE-904F-2A8A273E90C5}.Debug|Any CPU.ActiveCfg = Debug|Any CPU
		{512A1E74-D945-43BE-904F-2A8A273E90C5}.Debug|Any CPU.Build.0 = Debug|Any CPU
		{512A1E74-D945-43BE-904F-2A8A273E90C5}.Release|Any CPU.ActiveCfg = Release|Any CPU
		{512A1E74-D945-43BE-904F-2A8A273E90C5}.Release|Any CPU.Build.0 = Release|Any CPU
	EndGlobalSection
	GlobalSection(SolutionProperties) = preSolution
		HideSolutionNode = FALSE
	EndGlobalSection
	GlobalSection(ExtensibilityGlobals) = postSolution
		SolutionGuid = {24872593-AD70-4D79-A97F-7B98FCFAF38F}
	EndGlobalSection
EndGlobal
